{
  "nodes": {
    "flake-utils": {
      "inputs": {
        "systems": "systems"
      },
      "locked": {
        "lastModified": 1692799911,
        "narHash": "sha256-3eihraek4qL744EvQXsK1Ha6C3CR7nnT8X2qWap4RNk=",
        "owner": "numtide",
        "repo": "flake-utils",
        "rev": "f9e7cf818399d17d347f847525c5a5a8032e4e44",
        "type": "github"
      },
      "original": {
        "owner": "numtide",
        "repo": "flake-utils",
        "type": "github"
      }
    },
    "flake-utils_2": {
      "inputs": {
        "systems": "systems_2"
      },
      "locked": {
        "lastModified": 1681202837,
        "narHash": "sha256-H+Rh19JDwRtpVPAWp64F+rlEtxUWBAQW28eAi3SRSzg=",
        "owner": "numtide",
        "repo": "flake-utils",
        "rev": "cfacdce06f30d2b68473a46042957675eebb3401",
        "type": "github"
      },
      "original": {
        "owner": "numtide",
        "repo": "flake-utils",
        "type": "github"
      }
    },
    "flake-utils_3": {
      "locked": {
        "lastModified": 1667395993,
        "narHash": "sha256-nuEHfE/LcWyuSWnS8t12N1wc105Qtau+/OdUAjtQ0rA=",
        "owner": "numtide",
        "repo": "flake-utils",
        "rev": "5aed5285a952e0b949eb3ba02c12fa4fcfef535f",
        "type": "github"
      },
      "original": {
        "owner": "numtide",
        "repo": "flake-utils",
        "type": "github"
      }
    },
    "flake-utils_4": {
      "inputs": {
        "systems": "systems_3"
      },
      "locked": {
        "lastModified": 1681202837,
        "narHash": "sha256-H+Rh19JDwRtpVPAWp64F+rlEtxUWBAQW28eAi3SRSzg=",
        "owner": "numtide",
        "repo": "flake-utils",
        "rev": "cfacdce06f30d2b68473a46042957675eebb3401",
        "type": "github"
      },
      "original": {
        "owner": "numtide",
        "repo": "flake-utils",
        "type": "github"
      }
    },
    "flake-utils_5": {
      "inputs": {
        "systems": "systems_4"
      },
      "locked": {
        "lastModified": 1726560853,
        "narHash": "sha256-X6rJYSESBVr3hBoH0WbKE5KvhPU5bloyZ2L4K60/fPQ=",
        "owner": "numtide",
        "repo": "flake-utils",
        "rev": "c1dfcf08411b08f6b8615f7d8971a2bfa81d5e8a",
        "type": "github"
      },
      "original": {
        "owner": "numtide",
        "repo": "flake-utils",
        "type": "github"
      }
    },
    "flake-utils_6": {
      "inputs": {
        "systems": "systems_5"
      },
      "locked": {
        "lastModified": 1726560853,
        "narHash": "sha256-X6rJYSESBVr3hBoH0WbKE5KvhPU5bloyZ2L4K60/fPQ=",
        "owner": "numtide",
        "repo": "flake-utils",
        "rev": "c1dfcf08411b08f6b8615f7d8971a2bfa81d5e8a",
        "type": "github"
      },
      "original": {
        "owner": "numtide",
        "repo": "flake-utils",
        "type": "github"
      }
    },
    "flake-utils_7": {
      "inputs": {
        "systems": "systems_6"
      },
      "locked": {
        "lastModified": 1692799911,
        "narHash": "sha256-3eihraek4qL744EvQXsK1Ha6C3CR7nnT8X2qWap4RNk=",
        "owner": "numtide",
        "repo": "flake-utils",
        "rev": "f9e7cf818399d17d347f847525c5a5a8032e4e44",
        "type": "github"
      },
      "original": {
        "owner": "numtide",
        "repo": "flake-utils",
        "type": "github"
      }
    },
    "flake-utils_8": {
      "inputs": {
        "systems": "systems_7"
      },
      "locked": {
        "lastModified": 1681202837,
        "narHash": "sha256-H+Rh19JDwRtpVPAWp64F+rlEtxUWBAQW28eAi3SRSzg=",
        "owner": "numtide",
        "repo": "flake-utils",
        "rev": "cfacdce06f30d2b68473a46042957675eebb3401",
        "type": "github"
      },
      "original": {
        "owner": "numtide",
        "repo": "flake-utils",
        "type": "github"
      }
    },
    "home-manager": {
      "inputs": {
        "nixpkgs": [
          "nixpkgs"
        ]
      },
      "locked": {
        "lastModified": 1739757849,
        "narHash": "sha256-Gs076ot1YuAAsYVcyidLKUMIc4ooOaRGO0PqTY7sBzA=",
        "owner": "nix-community",
        "repo": "home-manager",
        "rev": "9d3d080aec2a35e05a15cedd281c2384767c2cfe",
        "type": "github"
      },
      "original": {
        "owner": "nix-community",
        "ref": "release-24.11",
        "repo": "home-manager",
        "type": "github"
      }
    },
    "impermanence": {
      "locked": {
        "lastModified": 1737831083,
        "narHash": "sha256-LJggUHbpyeDvNagTUrdhe/pRVp4pnS6wVKALS782gRI=",
        "owner": "nix-community",
        "repo": "impermanence",
        "rev": "4b3e914cdf97a5b536a889e939fb2fd2b043a170",
        "type": "github"
      },
      "original": {
        "owner": "nix-community",
        "repo": "impermanence",
        "type": "github"
      }
    },
    "nix-darwin": {
      "inputs": {
        "nixpkgs": [
          "nixpkgs"
        ]
      },
      "locked": {
        "lastModified": 1741229100,
        "narHash": "sha256-0HwrTDXp9buEwal/1ymK9uQmzUD5ozIA7CJGqnT/gLs=",
        "owner": "LnL7",
        "repo": "nix-darwin",
        "rev": "adf5c88ba1fe21af5c083b4d655004431f20c5ab",
        "type": "github"
      },
      "original": {
        "owner": "LnL7",
        "ref": "master",
        "repo": "nix-darwin",
        "type": "github"
      }
    },
    "nixlib": {
      "locked": {
        "lastModified": 1736643958,
        "narHash": "sha256-tmpqTSWVRJVhpvfSN9KXBvKEXplrwKnSZNAoNPf/S/s=",
        "owner": "nix-community",
        "repo": "nixpkgs.lib",
        "rev": "1418bc28a52126761c02dd3d89b2d8ca0f521181",
        "type": "github"
      },
      "original": {
        "owner": "nix-community",
        "repo": "nixpkgs.lib",
        "type": "github"
      }
    },
    "nixos-generators": {
      "inputs": {
        "nixlib": "nixlib",
        "nixpkgs": [
          "nixpkgs"
        ]
      },
      "locked": {
        "lastModified": 1740947705,
        "narHash": "sha256-Co2kAD2SZalOm+5zoxmzEVZNvZ17TyafuFsD46BwSdY=",
        "owner": "nix-community",
        "repo": "nixos-generators",
        "rev": "507911df8c35939050ae324caccc7cf4ffb76565",
        "type": "github"
      },
      "original": {
        "owner": "nix-community",
        "repo": "nixos-generators",
        "type": "github"
      }
    },
    "nixos-hardware": {
      "locked": {
        "lastModified": 1741325094,
        "narHash": "sha256-RUAdT8dZ6k/486vnu3tiNRrNW6+Q8uSD2Mq7gTX4jlo=",
        "owner": "NixOS",
        "repo": "nixos-hardware",
        "rev": "b48cc4dab0f9711af296fc367b6108cf7b8ccb16",
        "type": "github"
      },
      "original": {
        "owner": "NixOS",
        "ref": "master",
        "repo": "nixos-hardware",
        "type": "github"
      }
    },
    "nixpkgs": {
      "locked": {
        "lastModified": 1741600792,
        "narHash": "sha256-yfDy6chHcM7pXpMF4wycuuV+ILSTG486Z/vLx/Bdi6Y=",
        "owner": "NixOS",
        "repo": "nixpkgs",
        "rev": "ebe2788eafd539477f83775ef93c3c7e244421d3",
        "type": "github"
      },
      "original": {
        "owner": "NixOS",
        "ref": "nixos-24.11",
        "repo": "nixpkgs",
        "type": "github"
      }
    },
    "nixpkgs_10": {
      "locked": {
        "lastModified": 1692808169,
        "narHash": "sha256-x9Opq06rIiwdwGeK2Ykj69dNc2IvUH1fY55Wm7atwrE=",
        "owner": "NixOS",
        "repo": "nixpkgs",
        "rev": "9201b5ff357e781bf014d0330d18555695df7ba8",
        "type": "github"
      },
      "original": {
        "owner": "NixOS",
        "ref": "nixpkgs-unstable",
        "repo": "nixpkgs",
        "type": "github"
      }
    },
    "nixpkgs_11": {
      "locked": {
        "lastModified": 1681358109,
        "narHash": "sha256-eKyxW4OohHQx9Urxi7TQlFBTDWII+F+x2hklDOQPB50=",
        "owner": "NixOS",
        "repo": "nixpkgs",
        "rev": "96ba1c52e54e74c3197f4d43026b3f3d92e83ff9",
        "type": "github"
      },
      "original": {
        "owner": "NixOS",
        "ref": "nixpkgs-unstable",
        "repo": "nixpkgs",
        "type": "github"
      }
    },
    "nixpkgs_2": {
      "locked": {
        "lastModified": 1692808169,
        "narHash": "sha256-x9Opq06rIiwdwGeK2Ykj69dNc2IvUH1fY55Wm7atwrE=",
        "owner": "NixOS",
        "repo": "nixpkgs",
        "rev": "9201b5ff357e781bf014d0330d18555695df7ba8",
        "type": "github"
      },
      "original": {
        "owner": "NixOS",
        "ref": "nixpkgs-unstable",
        "repo": "nixpkgs",
        "type": "github"
      }
    },
    "nixpkgs_3": {
      "locked": {
        "lastModified": 1681358109,
        "narHash": "sha256-eKyxW4OohHQx9Urxi7TQlFBTDWII+F+x2hklDOQPB50=",
        "owner": "NixOS",
        "repo": "nixpkgs",
        "rev": "96ba1c52e54e74c3197f4d43026b3f3d92e83ff9",
        "type": "github"
      },
      "original": {
        "owner": "NixOS",
        "ref": "nixpkgs-unstable",
        "repo": "nixpkgs",
        "type": "github"
      }
    },
    "nixpkgs_4": {
      "locked": {
        "lastModified": 1671417167,
        "narHash": "sha256-JkHam6WQOwZN1t2C2sbp1TqMv3TVRjzrdoejqfefwrM=",
        "owner": "NixOS",
        "repo": "nixpkgs",
        "rev": "bb31220cca6d044baa6dc2715b07497a2a7c4bc7",
        "type": "github"
      },
      "original": {
        "owner": "NixOS",
        "ref": "nixpkgs-unstable",
        "repo": "nixpkgs",
        "type": "github"
      }
    },
    "nixpkgs_5": {
      "locked": {
        "lastModified": 1681358109,
        "narHash": "sha256-eKyxW4OohHQx9Urxi7TQlFBTDWII+F+x2hklDOQPB50=",
        "owner": "NixOS",
        "repo": "nixpkgs",
        "rev": "96ba1c52e54e74c3197f4d43026b3f3d92e83ff9",
        "type": "github"
      },
      "original": {
        "owner": "NixOS",
        "ref": "nixpkgs-unstable",
        "repo": "nixpkgs",
        "type": "github"
      }
    },
    "nixpkgs_6": {
      "locked": {
        "lastModified": 1726871744,
        "narHash": "sha256-V5LpfdHyQkUF7RfOaDPrZDP+oqz88lTJrMT1+stXNwo=",
        "owner": "NixOS",
        "repo": "nixpkgs",
        "rev": "a1d92660c6b3b7c26fb883500a80ea9d33321be2",
        "type": "github"
      },
      "original": {
        "owner": "NixOS",
        "ref": "nixpkgs-unstable",
        "repo": "nixpkgs",
        "type": "github"
      }
    },
    "nixpkgs_7": {
      "locked": {
        "lastModified": 1718428119,
        "narHash": "sha256-WdWDpNaq6u1IPtxtYHHWpl5BmabtpmLnMAx0RdJ/vo8=",
        "owner": "NixOS",
        "repo": "nixpkgs",
        "rev": "e6cea36f83499eb4e9cd184c8a8e823296b50ad5",
        "type": "github"
      },
      "original": {
        "owner": "NixOS",
        "ref": "nixpkgs-unstable",
        "repo": "nixpkgs",
        "type": "github"
      }
    },
    "nixpkgs_8": {
      "locked": {
        "lastModified": 1726871744,
        "narHash": "sha256-V5LpfdHyQkUF7RfOaDPrZDP+oqz88lTJrMT1+stXNwo=",
        "owner": "NixOS",
        "repo": "nixpkgs",
        "rev": "a1d92660c6b3b7c26fb883500a80ea9d33321be2",
        "type": "github"
      },
      "original": {
        "owner": "NixOS",
        "ref": "nixpkgs-unstable",
        "repo": "nixpkgs",
        "type": "github"
      }
    },
    "nixpkgs_9": {
      "locked": {
        "lastModified": 1718428119,
        "narHash": "sha256-WdWDpNaq6u1IPtxtYHHWpl5BmabtpmLnMAx0RdJ/vo8=",
        "owner": "NixOS",
        "repo": "nixpkgs",
        "rev": "e6cea36f83499eb4e9cd184c8a8e823296b50ad5",
        "type": "github"
      },
      "original": {
        "owner": "NixOS",
        "ref": "nixpkgs-unstable",
        "repo": "nixpkgs",
        "type": "github"
      }
    },
    "psv-register-cup": {
      "inputs": {
        "flake-utils": "flake-utils",
        "nixpkgs": "nixpkgs_2",
        "rust-overlay": "rust-overlay"
      },
      "locked": {
        "lastModified": 1728326405,
        "narHash": "sha256-wJbk2B7tuNDaAC7Qaemu5tmuVzWVUsAtMxrA6tMkb4A=",
        "owner": "PSV-Bogenschiessen",
        "repo": "psv-register",
        "rev": "99d08d2d2f068e0e58f5d2eff250672979f9f759",
        "type": "github"
      },
      "original": {
        "owner": "PSV-Bogenschiessen",
        "ref": "PSV-Cup",
        "repo": "psv-register",
        "type": "github"
      }
    },
    "psv-register-feld": {
      "inputs": {
        "flake-utils": "flake-utils_3",
        "nixpkgs": "nixpkgs_4",
        "rust-overlay": "rust-overlay_2"
      },
      "locked": {
        "lastModified": 1717794550,
        "narHash": "sha256-H3W8jk/ZStV8A1qk/TsJCYahXFHBIryh3jQ3QKwewOM=",
        "owner": "PSV-Bogenschiessen",
        "repo": "psv-register",
        "rev": "accb6658b0f3ce9b2905feaab924e063ce4c3071",
        "type": "github"
      },
      "original": {
        "owner": "PSV-Bogenschiessen",
        "ref": "VM-Feld",
        "repo": "psv-register",
        "type": "github"
      }
    },
    "psv-register-halle": {
      "inputs": {
        "flake-utils": "flake-utils_5",
        "nixpkgs": "nixpkgs_6",
        "rust-overlay": "rust-overlay_3"
      },
      "locked": {
        "lastModified": 1733006386,
        "narHash": "sha256-YtGMZ/uFaywpjqhFEtDmBWHMO1yel00HMUNTT+TaXPA=",
        "owner": "PSV-Bogenschiessen",
        "repo": "psv-register",
        "rev": "93e5ae0d22ccad773b539e0b97c5b40a618d9dec",
        "type": "github"
      },
      "original": {
        "owner": "PSV-Bogenschiessen",
        "ref": "VM-Halle",
        "repo": "psv-register",
        "type": "github"
      }
    },
    "psv-register-indoor": {
      "inputs": {
        "flake-utils": "flake-utils_6",
        "nixpkgs": "nixpkgs_8",
        "rust-overlay": "rust-overlay_4"
      },
      "locked": {
        "lastModified": 1738178926,
        "narHash": "sha256-co39U4qDMYmey45w9yJx0vVTtzh6jkRUfJ67wHbekEA=",
        "owner": "PSV-Bogenschiessen",
        "repo": "psv-register",
        "rev": "6c822b2cd0d06682b689dbbaa5b348ce600928b1",
        "type": "github"
      },
      "original": {
        "owner": "PSV-Bogenschiessen",
        "ref": "Indoor",
        "repo": "psv-register",
        "type": "github"
      }
    },
    "psv-register-wa": {
      "inputs": {
        "flake-utils": "flake-utils_7",
        "nixpkgs": "nixpkgs_10",
        "rust-overlay": "rust-overlay_5"
      },
      "locked": {
        "lastModified": 1728326273,
        "narHash": "sha256-fnuKZYNbFfX0fjOkJh+dgQ/nsDhdVeqqnivjB2oue1Q=",
        "owner": "PSV-Bogenschiessen",
        "repo": "psv-register",
        "rev": "eeeec0096c7c309967b5955c462c2d0242e7d968",
        "type": "github"
      },
      "original": {
        "owner": "PSV-Bogenschiessen",
        "ref": "VM-WA",
        "repo": "psv-register",
        "type": "github"
      }
    },
    "root": {
      "inputs": {
        "home-manager": "home-manager",
        "impermanence": "impermanence",
        "nix-darwin": "nix-darwin",
        "nixos-generators": "nixos-generators",
        "nixos-hardware": "nixos-hardware",
        "nixpkgs": "nixpkgs",
        "psv-register-cup": "psv-register-cup",
        "psv-register-feld": "psv-register-feld",
        "psv-register-halle": "psv-register-halle",
        "psv-register-indoor": "psv-register-indoor",
        "psv-register-wa": "psv-register-wa",
        "unstable": "unstable"
      }
    },
    "rust-overlay": {
      "inputs": {
        "flake-utils": "flake-utils_2",
        "nixpkgs": "nixpkgs_3"
      },
      "locked": {
        "lastModified": 1693015707,
        "narHash": "sha256-SFr93DYn502sVT9nB5U8/cKg1INyEk/jCeq8tHioz7Y=",
        "owner": "oxalica",
        "repo": "rust-overlay",
        "rev": "e90223633068a44f0fb62374e0fa360ccc987292",
        "type": "github"
      },
      "original": {
        "owner": "oxalica",
        "repo": "rust-overlay",
        "type": "github"
      }
    },
    "rust-overlay_2": {
      "inputs": {
        "flake-utils": "flake-utils_4",
        "nixpkgs": "nixpkgs_5"
      },
      "locked": {
        "lastModified": 1683944292,
        "narHash": "sha256-ks2N8FtrUvePO5X2fN9WoelgMVwDa1jUA7XEyC9S+7g=",
        "owner": "oxalica",
        "repo": "rust-overlay",
        "rev": "7ec9793168e4c328f08d10ab7ef4a1ada2dbf93e",
        "type": "github"
      },
      "original": {
        "owner": "oxalica",
        "repo": "rust-overlay",
        "type": "github"
      }
    },
    "rust-overlay_3": {
      "inputs": {
        "nixpkgs": "nixpkgs_7"
      },
      "locked": {
        "lastModified": 1726885519,
        "narHash": "sha256-wrXknshJMRLv91KQD5d7ovUqJ70FlDM7XeG/upSsKgM=",
        "owner": "oxalica",
        "repo": "rust-overlay",
        "rev": "a66e16cb21e4428224925dbf1b66238c727dda0a",
        "type": "github"
      },
      "original": {
        "owner": "oxalica",
        "repo": "rust-overlay",
        "type": "github"
      }
    },
    "rust-overlay_4": {
      "inputs": {
        "nixpkgs": "nixpkgs_9"
      },
      "locked": {
        "lastModified": 1726885519,
        "narHash": "sha256-wrXknshJMRLv91KQD5d7ovUqJ70FlDM7XeG/upSsKgM=",
        "owner": "oxalica",
        "repo": "rust-overlay",
        "rev": "a66e16cb21e4428224925dbf1b66238c727dda0a",
        "type": "github"
      },
      "original": {
        "owner": "oxalica",
        "repo": "rust-overlay",
        "type": "github"
      }
    },
    "rust-overlay_5": {
      "inputs": {
        "flake-utils": "flake-utils_8",
        "nixpkgs": "nixpkgs_11"
      },
      "locked": {
        "lastModified": 1693015707,
        "narHash": "sha256-SFr93DYn502sVT9nB5U8/cKg1INyEk/jCeq8tHioz7Y=",
        "owner": "oxalica",
        "repo": "rust-overlay",
        "rev": "e90223633068a44f0fb62374e0fa360ccc987292",
        "type": "github"
      },
      "original": {
        "owner": "oxalica",
        "repo": "rust-overlay",
        "type": "github"
      }
    },
    "systems": {
      "locked": {
        "lastModified": 1681028828,
        "narHash": "sha256-Vy1rq5AaRuLzOxct8nz4T6wlgyUR7zLU309k9mBC768=",
        "owner": "nix-systems",
        "repo": "default",
        "rev": "da67096a3b9bf56a91d16901293e51ba5b49a27e",
        "type": "github"
      },
      "original": {
        "owner": "nix-systems",
        "repo": "default",
        "type": "github"
      }
    },
    "systems_2": {
      "locked": {
        "lastModified": 1681028828,
        "narHash": "sha256-Vy1rq5AaRuLzOxct8nz4T6wlgyUR7zLU309k9mBC768=",
        "owner": "nix-systems",
        "repo": "default",
        "rev": "da67096a3b9bf56a91d16901293e51ba5b49a27e",
        "type": "github"
      },
      "original": {
        "owner": "nix-systems",
        "repo": "default",
        "type": "github"
      }
    },
    "systems_3": {
      "locked": {
        "lastModified": 1681028828,
        "narHash": "sha256-Vy1rq5AaRuLzOxct8nz4T6wlgyUR7zLU309k9mBC768=",
        "owner": "nix-systems",
        "repo": "default",
        "rev": "da67096a3b9bf56a91d16901293e51ba5b49a27e",
        "type": "github"
      },
      "original": {
        "owner": "nix-systems",
        "repo": "default",
        "type": "github"
      }
    },
    "systems_4": {
      "locked": {
        "lastModified": 1681028828,
        "narHash": "sha256-Vy1rq5AaRuLzOxct8nz4T6wlgyUR7zLU309k9mBC768=",
        "owner": "nix-systems",
        "repo": "default",
        "rev": "da67096a3b9bf56a91d16901293e51ba5b49a27e",
        "type": "github"
      },
      "original": {
        "owner": "nix-systems",
        "repo": "default",
        "type": "github"
      }
    },
    "systems_5": {
      "locked": {
        "lastModified": 1681028828,
        "narHash": "sha256-Vy1rq5AaRuLzOxct8nz4T6wlgyUR7zLU309k9mBC768=",
        "owner": "nix-systems",
        "repo": "default",
        "rev": "da67096a3b9bf56a91d16901293e51ba5b49a27e",
        "type": "github"
      },
      "original": {
        "owner": "nix-systems",
        "repo": "default",
        "type": "github"
      }
    },
    "systems_6": {
      "locked": {
        "lastModified": 1681028828,
        "narHash": "sha256-Vy1rq5AaRuLzOxct8nz4T6wlgyUR7zLU309k9mBC768=",
        "owner": "nix-systems",
        "repo": "default",
        "rev": "da67096a3b9bf56a91d16901293e51ba5b49a27e",
        "type": "github"
      },
      "original": {
        "owner": "nix-systems",
        "repo": "default",
        "type": "github"
      }
    },
    "systems_7": {
      "locked": {
        "lastModified": 1681028828,
        "narHash": "sha256-Vy1rq5AaRuLzOxct8nz4T6wlgyUR7zLU309k9mBC768=",
        "owner": "nix-systems",
        "repo": "default",
        "rev": "da67096a3b9bf56a91d16901293e51ba5b49a27e",
        "type": "github"
      },
      "original": {
        "owner": "nix-systems",
        "repo": "default",
        "type": "github"
      }
    },
    "unstable": {
      "locked": {
        "lastModified": 1741513245,
        "narHash": "sha256-7rTAMNTY1xoBwz0h7ZMtEcd8LELk9R5TzBPoHuhNSCk=",
        "owner": "NixOS",
        "repo": "nixpkgs",
        "rev": "e3e32b642a31e6714ec1b712de8c91a3352ce7e1",
        "type": "github"
      },
      "original": {
        "owner": "NixOS",
        "ref": "nixos-unstable",
        "repo": "nixpkgs",
        "type": "github"
      }
    }
  },
  "root": "root",
  "version": 7
}
